
Microsoft Visual Studio Solution File, Format Version 12.00
# Visual Studio Version 17
VisualStudioVersion = 17.1.32421.90
MinimumVisualStudioVersion = 10.0.40219.1
Project("{FAE04EC0-301F-11D3-BF4B-00C04F79EFBC}") = "WebApplication2", "WebApplication2\WebApplication2.csproj", "{30C2DA5F-32C7-463C-8BAF-6746CCEA1E4C}"
EndProject
Global
	GlobalSection(SolutionConfigurationPlatforms) = preSolution
		Debug|Any CPU = Debug|Any CPU
		Release|Any CPU = Release|Any CPU
	EndGlobalSection
	GlobalSection(ProjectConfigurationPlatforms) = postSolution
		{30C2DA5F-32C7-463C-8BAF-6746CCEA1E4C}.Debug|Any CPU.ActiveCfg = Debug|Any CPU
		{30C2DA5F-32C7-463C-8BAF-6746CCEA1E4C}.Debug|Any CPU.Build.0 = Debug|Any CPU
		{30C2DA5F-32C7-463C-8BAF-6746CCEA1E4C}.Release|Any CPU.ActiveCfg = Release|Any CPU
		{30C2DA5F-32C7-463C-8BAF-6746CCEA1E4C}.Release|Any CPU.Build.0 = Release|Any CPU
	EndGlobalSection
	GlobalSection(SolutionProperties) = preSolution
		HideSolutionNode = FALSE
	EndGlobalSection
	GlobalSection(ExtensibilityGlobals) = postSolution
		SolutionGuid = {AC13A0FC-5810-4797-B4C4-65EC3499E18A}
	EndGlobalSection
EndGlobal
